
Microsoft Visual Studio Solution File, Format Version 12.00
# Visual Studio Version 17
VisualStudioVersion = 17.8.34316.72
MinimumVisualStudioVersion = 10.0.40219.1
Project("{FAE04EC0-301F-11D3-BF4B-00C04F79EFBC}") = "Практика2", "Практика2.csproj", "{1AF0D2B2-6628-4832-A246-F6FB5A6F0AE5}"
EndProject
Global
	GlobalSection(SolutionConfigurationPlatforms) = preSolution
		Debug|Any CPU = Debug|Any CPU
		Release|Any CPU = Release|Any CPU
	EndGlobalSection
	GlobalSection(ProjectConfigurationPlatforms) = postSolution
		{1AF0D2B2-6628-4832-A246-F6FB5A6F0AE5}.Debug|Any CPU.ActiveCfg = Debug|Any CPU
		{1AF0D2B2-6628-4832-A246-F6FB5A6F0AE5}.Debug|Any CPU.Build.0 = Debug|Any CPU
		{1AF0D2B2-6628-4832-A246-F6FB5A6F0AE5}.Release|Any CPU.ActiveCfg = Release|Any CPU
		{1AF0D2B2-6628-4832-A246-F6FB5A6F0AE5}.Release|Any CPU.Build.0 = Release|Any CPU
	EndGlobalSection
	GlobalSection(SolutionProperties) = preSolution
		HideSolutionNode = FALSE
	EndGlobalSection
	GlobalSection(ExtensibilityGlobals) = postSolution
		SolutionGuid = {FBAFFDDB-D882-4E2C-971D-24E5975C313D}
	EndGlobalSection
EndGlobal
